
Microsoft Visual Studio Solution File, Format Version 12.00
# Visual Studio Version 16
VisualStudioVersion = 16.0.31424.327
MinimumVisualStudioVersion = 10.0.40219.1
Project("{FAE04EC0-301F-11D3-BF4B-00C04F79EFBC}") = "RSSAPP", "RSSAPP.csproj", "{DA068E57-47CE-4000-8A32-8B4E41A85484}"
EndProject
Global
	GlobalSection(SolutionConfigurationPlatforms) = preSolution
		Debug|Any CPU = Debug|Any CPU
		Release|Any CPU = Release|Any CPU
	EndGlobalSection
	GlobalSection(ProjectConfigurationPlatforms) = postSolution
		{DA068E57-47CE-4000-8A32-8B4E41A85484}.Debug|Any CPU.ActiveCfg = Debug|Any CPU
		{DA068E57-47CE-4000-8A32-8B4E41A85484}.Debug|Any CPU.Build.0 = Debug|Any CPU
		{DA068E57-47CE-4000-8A32-8B4E41A85484}.Release|Any CPU.ActiveCfg = Release|Any CPU
		{DA068E57-47CE-4000-8A32-8B4E41A85484}.Release|Any CPU.Build.0 = Release|Any CPU
	EndGlobalSection
	GlobalSection(SolutionProperties) = preSolution
		HideSolutionNode = FALSE
	EndGlobalSection
	GlobalSection(ExtensibilityGlobals) = postSolution
		SolutionGuid = {AF9F0047-5A01-4E9A-890E-27EB4C57D9AE}
	EndGlobalSection
EndGlobal
